
Microsoft Visual Studio Solution File, Format Version 12.00
# Visual Studio 2013
VisualStudioVersion = 12.0.30501.0
MinimumVisualStudioVersion = 10.0.40219.1
Project("{FAE04EC0-301F-11D3-BF4B-00C04F79EFBC}") = "photoapp", "photoapp.csproj", "{02D45625-0383-4480-B4BC-05DDE4F3825D}"
EndProject
Project("{FAE04EC0-301F-11D3-BF4B-00C04F79EFBC}") = "myphotoapp", "..\myphotoapp\myphotoapp.csproj", "{C9D28070-A8C1-4AA8-9874-8A2F3D521C07}"
EndProject
Global
	GlobalSection(SolutionConfigurationPlatforms) = preSolution
		Debug|Any CPU = Debug|Any CPU
		Release|Any CPU = Release|Any CPU
	EndGlobalSection
	GlobalSection(ProjectConfigurationPlatforms) = postSolution
		{02D45625-0383-4480-B4BC-05DDE4F3825D}.Debug|Any CPU.ActiveCfg = Debug|Any CPU
		{02D45625-0383-4480-B4BC-05DDE4F3825D}.Debug|Any CPU.Build.0 = Debug|Any CPU
		{02D45625-0383-4480-B4BC-05DDE4F3825D}.Release|Any CPU.ActiveCfg = Release|Any CPU
		{02D45625-0383-4480-B4BC-05DDE4F3825D}.Release|Any CPU.Build.0 = Release|Any CPU
		{C9D28070-A8C1-4AA8-9874-8A2F3D521C07}.Debug|Any CPU.ActiveCfg = Debug|Any CPU
		{C9D28070-A8C1-4AA8-9874-8A2F3D521C07}.Debug|Any CPU.Build.0 = Debug|Any CPU
		{C9D28070-A8C1-4AA8-9874-8A2F3D521C07}.Release|Any CPU.ActiveCfg = Release|Any CPU
		{C9D28070-A8C1-4AA8-9874-8A2F3D521C07}.Release|Any CPU.Build.0 = Release|Any CPU
	EndGlobalSection
	GlobalSection(SolutionProperties) = preSolution
		HideSolutionNode = FALSE
	EndGlobalSection
EndGlobal
